
Microsoft Visual Studio Solution File, Format Version 12.00
# Visual Studio Version 17
VisualStudioVersion = 17.9.34622.214
MinimumVisualStudioVersion = 10.0.40219.1
Project("{FAE04EC0-301F-11D3-BF4B-00C04F79EFBC}") = "CMS.MentApi", "CMS.MentApi\CMS.MentApi.csproj", "{EE7E9408-4BF8-419D-8546-54F811D89199}"
EndProject
Global
	GlobalSection(SolutionConfigurationPlatforms) = preSolution
		Debug|Any CPU = Debug|Any CPU
		Release|Any CPU = Release|Any CPU
	EndGlobalSection
	GlobalSection(ProjectConfigurationPlatforms) = postSolution
		{EE7E9408-4BF8-419D-8546-54F811D89199}.Debug|Any CPU.ActiveCfg = Debug|Any CPU
		{EE7E9408-4BF8-419D-8546-54F811D89199}.Debug|Any CPU.Build.0 = Debug|Any CPU
		{EE7E9408-4BF8-419D-8546-54F811D89199}.Release|Any CPU.ActiveCfg = Release|Any CPU
		{EE7E9408-4BF8-419D-8546-54F811D89199}.Release|Any CPU.Build.0 = Release|Any CPU
	EndGlobalSection
	GlobalSection(SolutionProperties) = preSolution
		HideSolutionNode = FALSE
	EndGlobalSection
	GlobalSection(ExtensibilityGlobals) = postSolution
		SolutionGuid = {8D7B0330-50AF-4A09-B861-1F7AEDF3993D}
	EndGlobalSection
EndGlobal
